
Microsoft Visual Studio Solution File, Format Version 12.00
# Visual Studio 14
VisualStudioVersion = 14.0.23107.0
MinimumVisualStudioVersion = 10.0.40219.1
Project("{FAE04EC0-301F-11D3-BF4B-00C04F79EFBC}") = "TravelPartner", "TravelPartner\TravelPartner.csproj", "{5C4AD55D-A69F-468E-861E-9315CB208368}"
EndProject
Project("{FAE04EC0-301F-11D3-BF4B-00C04F79EFBC}") = "TravelPartner.Data", "TravelPartner.Data\TravelPartner.Data.csproj", "{18F5189B-1B08-407E-8414-EF6A627A8515}"
EndProject
Global
	GlobalSection(SolutionConfigurationPlatforms) = preSolution
		Debug|Any CPU = Debug|Any CPU
		Release|Any CPU = Release|Any CPU
	EndGlobalSection
	GlobalSection(ProjectConfigurationPlatforms) = postSolution
		{5C4AD55D-A69F-468E-861E-9315CB208368}.Debug|Any CPU.ActiveCfg = Debug|Any CPU
		{5C4AD55D-A69F-468E-861E-9315CB208368}.Debug|Any CPU.Build.0 = Debug|Any CPU
		{5C4AD55D-A69F-468E-861E-9315CB208368}.Release|Any CPU.ActiveCfg = Release|Any CPU
		{5C4AD55D-A69F-468E-861E-9315CB208368}.Release|Any CPU.Build.0 = Release|Any CPU
		{18F5189B-1B08-407E-8414-EF6A627A8515}.Debug|Any CPU.ActiveCfg = Debug|Any CPU
		{18F5189B-1B08-407E-8414-EF6A627A8515}.Debug|Any CPU.Build.0 = Debug|Any CPU
		{18F5189B-1B08-407E-8414-EF6A627A8515}.Release|Any CPU.ActiveCfg = Release|Any CPU
		{18F5189B-1B08-407E-8414-EF6A627A8515}.Release|Any CPU.Build.0 = Release|Any CPU
	EndGlobalSection
	GlobalSection(SolutionProperties) = preSolution
		HideSolutionNode = FALSE
	EndGlobalSection
EndGlobal
